
Microsoft Visual Studio Solution File, Format Version 12.00
# Visual Studio 2012
Project("{FAE04EC0-301F-11D3-BF4B-00C04F79EFBC}") = "myfirstcoca", "myfirstcoca\myfirstcoca.csproj", "{55F92784-8F35-46C9-8DAB-5D2B026B2640}"
EndProject
Global
	GlobalSection(SolutionConfigurationPlatforms) = preSolution
		Debug|x86 = Debug|x86
		Release|x86 = Release|x86
	EndGlobalSection
	GlobalSection(ProjectConfigurationPlatforms) = postSolution
		{55F92784-8F35-46C9-8DAB-5D2B026B2640}.Debug|x86.ActiveCfg = Debug|x86
		{55F92784-8F35-46C9-8DAB-5D2B026B2640}.Debug|x86.Build.0 = Debug|x86
		{55F92784-8F35-46C9-8DAB-5D2B026B2640}.Release|x86.ActiveCfg = Release|x86
		{55F92784-8F35-46C9-8DAB-5D2B026B2640}.Release|x86.Build.0 = Release|x86
	EndGlobalSection
EndGlobal
